
Microsoft Visual Studio Solution File, Format Version 12.00
# Visual Studio Version 17
VisualStudioVersion = 17.0.31903.59
MinimumVisualStudioVersion = 10.0.40219.1
Project("{FAE04EC0-301F-11D3-BF4B-00C04F79EFBC}") = "CoreSuit.Infrastructure", "CoreSuit.Infrastructure\CoreSuit.Infrastructure.csproj", "{8DDCE84E-4252-481D-8FF6-787DEA530DBF}"
EndProject
Project("{FAE04EC0-301F-11D3-BF4B-00C04F79EFBC}") = "CoreSuit.Domain", "CoreSuit.Domain\CoreSuit.Domain.csproj", "{D54B22A1-32FA-466A-95BE-D5A9445F7297}"
EndProject
Project("{FAE04EC0-301F-11D3-BF4B-00C04F79EFBC}") = "CoreSuit.CrossCutting", "CoreSuit.CrossCutting\CoreSuit.CrossCutting.csproj", "{2332CAF2-875C-4824-9CAB-9B6468842F4D}"
EndProject
Project("{FAE04EC0-301F-11D3-BF4B-00C04F79EFBC}") = "CoreSuit.Application", "CoreSuit.Application\CoreSuit.Application.csproj", "{D44C816B-0248-43A8-A8E9-D057DE6BD9A7}"
EndProject
Project("{FAE04EC0-301F-11D3-BF4B-00C04F79EFBC}") = "CoreSuit.API", "CoreSuit.API\CoreSuit.API.csproj", "{6ED65969-647B-4249-831C-2909A152F65C}"
EndProject
Global
	GlobalSection(SolutionConfigurationPlatforms) = preSolution
		Debug|Any CPU = Debug|Any CPU
		Release|Any CPU = Release|Any CPU
	EndGlobalSection
	GlobalSection(SolutionProperties) = preSolution
		HideSolutionNode = FALSE
	EndGlobalSection
	GlobalSection(ProjectConfigurationPlatforms) = postSolution
		{8DDCE84E-4252-481D-8FF6-787DEA530DBF}.Debug|Any CPU.ActiveCfg = Debug|Any CPU
		{8DDCE84E-4252-481D-8FF6-787DEA530DBF}.Debug|Any CPU.Build.0 = Debug|Any CPU
		{8DDCE84E-4252-481D-8FF6-787DEA530DBF}.Release|Any CPU.ActiveCfg = Release|Any CPU
		{8DDCE84E-4252-481D-8FF6-787DEA530DBF}.Release|Any CPU.Build.0 = Release|Any CPU
		{D54B22A1-32FA-466A-95BE-D5A9445F7297}.Debug|Any CPU.ActiveCfg = Debug|Any CPU
		{D54B22A1-32FA-466A-95BE-D5A9445F7297}.Debug|Any CPU.Build.0 = Debug|Any CPU
		{D54B22A1-32FA-466A-95BE-D5A9445F7297}.Release|Any CPU.ActiveCfg = Release|Any CPU
		{D54B22A1-32FA-466A-95BE-D5A9445F7297}.Release|Any CPU.Build.0 = Release|Any CPU
		{2332CAF2-875C-4824-9CAB-9B6468842F4D}.Debug|Any CPU.ActiveCfg = Debug|Any CPU
		{2332CAF2-875C-4824-9CAB-9B6468842F4D}.Debug|Any CPU.Build.0 = Debug|Any CPU
		{2332CAF2-875C-4824-9CAB-9B6468842F4D}.Release|Any CPU.ActiveCfg = Release|Any CPU
		{2332CAF2-875C-4824-9CAB-9B6468842F4D}.Release|Any CPU.Build.0 = Release|Any CPU
		{D44C816B-0248-43A8-A8E9-D057DE6BD9A7}.Debug|Any CPU.ActiveCfg = Debug|Any CPU
		{D44C816B-0248-43A8-A8E9-D057DE6BD9A7}.Debug|Any CPU.Build.0 = Debug|Any CPU
		{D44C816B-0248-43A8-A8E9-D057DE6BD9A7}.Release|Any CPU.ActiveCfg = Release|Any CPU
		{D44C816B-0248-43A8-A8E9-D057DE6BD9A7}.Release|Any CPU.Build.0 = Release|Any CPU
		{6ED65969-647B-4249-831C-2909A152F65C}.Debug|Any CPU.ActiveCfg = Debug|Any CPU
		{6ED65969-647B-4249-831C-2909A152F65C}.Debug|Any CPU.Build.0 = Debug|Any CPU
		{6ED65969-647B-4249-831C-2909A152F65C}.Release|Any CPU.ActiveCfg = Release|Any CPU
		{6ED65969-647B-4249-831C-2909A152F65C}.Release|Any CPU.Build.0 = Release|Any CPU
	EndGlobalSection
EndGlobal
